
Microsoft Visual Studio Solution File, Format Version 12.00
# Visual Studio Version 17
VisualStudioVersion = 17.5.33502.453
MinimumVisualStudioVersion = 10.0.40219.1
Project("{FAE04EC0-301F-11D3-BF4B-00C04F79EFBC}") = "YangHongWei0323Project3CLSApp", "YangHongWei0323Project3CLSApp\YangHongWei0323Project3CLSApp.csproj", "{9BD61CB9-0096-471C-9E08-3E875525D55A}"
EndProject
Global
	GlobalSection(SolutionConfigurationPlatforms) = preSolution
		Debug|Any CPU = Debug|Any CPU
		Release|Any CPU = Release|Any CPU
	EndGlobalSection
	GlobalSection(ProjectConfigurationPlatforms) = postSolution
		{9BD61CB9-0096-471C-9E08-3E875525D55A}.Debug|Any CPU.ActiveCfg = Debug|Any CPU
		{9BD61CB9-0096-471C-9E08-3E875525D55A}.Debug|Any CPU.Build.0 = Debug|Any CPU
		{9BD61CB9-0096-471C-9E08-3E875525D55A}.Release|Any CPU.ActiveCfg = Release|Any CPU
		{9BD61CB9-0096-471C-9E08-3E875525D55A}.Release|Any CPU.Build.0 = Release|Any CPU
	EndGlobalSection
	GlobalSection(SolutionProperties) = preSolution
		HideSolutionNode = FALSE
	EndGlobalSection
	GlobalSection(ExtensibilityGlobals) = postSolution
		SolutionGuid = {C5A60DD4-5002-4032-879C-690F1448687B}
	EndGlobalSection
EndGlobal
